// !$*UTF8*$!
{
	archiveVersion = 1;
	classes = {
	};
	objectVersion = 56;
	objects = {

/* Begin PBXBuildFile section */
		9C08CE4B2D355792005A09DA /* ColorExtensions.swift in Sources */ = {isa = PBXBuildFile; fileRef = 9C08CE4A2D35578A005A09DA /* ColorExtensions.swift */; };
		9C08CE4D2D369510005A09DA /* Day4View.swift in Sources */ = {isa = PBXBuildFile; fileRef = 9C08CE4C2D369510005A09DA /* Day4View.swift */; };
		9C08CE522D37DB61005A09DA /* GradientShader.metal in Sources */ = {isa = PBXBuildFile; fileRef = 9C08CE512D37DB61005A09DA /* GradientShader.metal */; };
		9C08CE542D37DBCF005A09DA /* Day5View.swift in Sources */ = {isa = PBXBuildFile; fileRef = 9C08CE532D37DBCF005A09DA /* Day5View.swift */; };
		9C08CE562D37DD4D005A09DA /* MetalView.swift in Sources */ = {isa = PBXBuildFile; fileRef = 9C08CE552D37DD3F005A09DA /* MetalView.swift */; };
		9C08CE5A2D392658005A09DA /* Day6View.swift in Sources */ = {isa = PBXBuildFile; fileRef = 9C08CE592D392658005A09DA /* Day6View.swift */; };
		9C08CE5E2D392DBE005A09DA /* Color.metal in Sources */ = {isa = PBXBuildFile; fileRef = 9C08CE5D2D392DBE005A09DA /* Color.metal */; };
		9C08CE602D3BF279005A09DA /* Day7View.swift in Sources */ = {isa = PBXBuildFile; fileRef = 9C08CE5F2D3BF279005A09DA /* Day7View.swift */; };
		9C390F442D314FCA0078A2E4 /* _00DaysSwiftUIApp.swift in Sources */ = {isa = PBXBuildFile; fileRef = 9C390F432D314FCA0078A2E4 /* _00DaysSwiftUIApp.swift */; };
		9C390F462D314FCA0078A2E4 /* ContentView.swift in Sources */ = {isa = PBXBuildFile; fileRef = 9C390F452D314FCA0078A2E4 /* ContentView.swift */; };
		9C390F482D314FCB0078A2E4 /* Assets.xcassets in Resources */ = {isa = PBXBuildFile; fileRef = 9C390F472D314FCB0078A2E4 /* Assets.xcassets */; };
		9C390F4B2D314FCB0078A2E4 /* Preview Assets.xcassets in Resources */ = {isa = PBXBuildFile; fileRef = 9C390F4A2D314FCB0078A2E4 /* Preview Assets.xcassets */; };
		9C8D944F2D320AFE006BF57B /* DaysListView.swift in Sources */ = {isa = PBXBuildFile; fileRef = 9C8D944E2D320AFE006BF57B /* DaysListView.swift */; };
		9C8D94512D320B37006BF57B /* DayDetailView.swift in Sources */ = {isa = PBXBuildFile; fileRef = 9C8D94502D320B37006BF57B /* DayDetailView.swift */; };
		9C8D94542D321158006BF57B /* Day1View.swift in Sources */ = {isa = PBXBuildFile; fileRef = 9C8D94532D321158006BF57B /* Day1View.swift */; };
		9CB9B91C2D335370000FD7A0 /* Day2View.swift in Sources */ = {isa = PBXBuildFile; fileRef = 9CB9B91B2D335370000FD7A0 /* Day2View.swift */; };
		9CB9B91E2D353393000FD7A0 /* Day3View.swift in Sources */ = {isa = PBXBuildFile; fileRef = 9CB9B91D2D353393000FD7A0 /* Day3View.swift */; };
/* End PBXBuildFile section */

/* Begin PBXFileReference section */
		9C08CE4A2D35578A005A09DA /* ColorExtensions.swift */ = {isa = PBXFileReference; lastKnownFileType = sourcecode.swift; path = ColorExtensions.swift; sourceTree = "<group>"; };
		9C08CE4C2D369510005A09DA /* Day4View.swift */ = {isa = PBXFileReference; lastKnownFileType = sourcecode.swift; path = Day4View.swift; sourceTree = "<group>"; };
		9C08CE512D37DB61005A09DA /* GradientShader.metal */ = {isa = PBXFileReference; lastKnownFileType = sourcecode.metal; path = GradientShader.metal; sourceTree = "<group>"; };
		9C08CE532D37DBCF005A09DA /* Day5View.swift */ = {isa = PBXFileReference; lastKnownFileType = sourcecode.swift; path = Day5View.swift; sourceTree = "<group>"; };
		9C08CE552D37DD3F005A09DA /* MetalView.swift */ = {isa = PBXFileReference; lastKnownFileType = sourcecode.swift; path = MetalView.swift; sourceTree = "<group>"; };
		9C08CE592D392658005A09DA /* Day6View.swift */ = {isa = PBXFileReference; lastKnownFileType = sourcecode.swift; path = Day6View.swift; sourceTree = "<group>"; };
		9C08CE5D2D392DBE005A09DA /* Color.metal */ = {isa = PBXFileReference; lastKnownFileType = sourcecode.metal; path = Color.metal; sourceTree = "<group>"; };
		9C08CE5F2D3BF279005A09DA /* Day7View.swift */ = {isa = PBXFileReference; lastKnownFileType = sourcecode.swift; path = Day7View.swift; sourceTree = "<group>"; };
		9C390F402D314FCA0078A2E4 /* 100DaysSwiftUI.app */ = {isa = PBXFileReference; explicitFileType = wrapper.application; includeInIndex = 0; path = 100DaysSwiftUI.app; sourceTree = BUILT_PRODUCTS_DIR; };
		9C390F432D314FCA0078A2E4 /* _00DaysSwiftUIApp.swift */ = {isa = PBXFileReference; lastKnownFileType = sourcecode.swift; path = _00DaysSwiftUIApp.swift; sourceTree = "<group>"; };
		9C390F452D314FCA0078A2E4 /* ContentView.swift */ = {isa = PBXFileReference; lastKnownFileType = sourcecode.swift; path = ContentView.swift; sourceTree = "<group>"; };
		9C390F472D314FCB0078A2E4 /* Assets.xcassets */ = {isa = PBXFileReference; lastKnownFileType = folder.assetcatalog; path = Assets.xcassets; sourceTree = "<group>"; };
		9C390F4A2D314FCB0078A2E4 /* Preview Assets.xcassets */ = {isa = PBXFileReference; lastKnownFileType = folder.assetcatalog; path = "Preview Assets.xcassets"; sourceTree = "<group>"; };
		9C8D944E2D320AFE006BF57B /* DaysListView.swift */ = {isa = PBXFileReference; lastKnownFileType = sourcecode.swift; path = DaysListView.swift; sourceTree = "<group>"; };
		9C8D94502D320B37006BF57B /* DayDetailView.swift */ = {isa = PBXFileReference; lastKnownFileType = sourcecode.swift; path = DayDetailView.swift; sourceTree = "<group>"; };
		9C8D94532D321158006BF57B /* Day1View.swift */ = {isa = PBXFileReference; lastKnownFileType = sourcecode.swift; path = Day1View.swift; sourceTree = "<group>"; };
		9CB9B91B2D335370000FD7A0 /* Day2View.swift */ = {isa = PBXFileReference; lastKnownFileType = sourcecode.swift; path = Day2View.swift; sourceTree = "<group>"; };
		9CB9B91D2D353393000FD7A0 /* Day3View.swift */ = {isa = PBXFileReference; lastKnownFileType = sourcecode.swift; path = Day3View.swift; sourceTree = "<group>"; };
/* End PBXFileReference section */

/* Begin PBXFrameworksBuildPhase section */
		9C390F3D2D314FCA0078A2E4 /* Frameworks */ = {
			isa = PBXFrameworksBuildPhase;
			buildActionMask = 2147483647;
			files = (
			);
			runOnlyForDeploymentPostprocessing = 0;
		};
/* End PBXFrameworksBuildPhase section */

/* Begin PBXGroup section */
		9C08CE472D355753005A09DA /* Extensions */ = {
			isa = PBXGroup;
			children = (
				9C08CE4A2D35578A005A09DA /* ColorExtensions.swift */,
			);
			path = Extensions;
			sourceTree = "<group>";
		};
		9C08CE502D37DB28005A09DA /* Shader */ = {
			isa = PBXGroup;
			children = (
				9C08CE552D37DD3F005A09DA /* MetalView.swift */,
				9C08CE512D37DB61005A09DA /* GradientShader.metal */,
				9C08CE5D2D392DBE005A09DA /* Color.metal */,
			);
			path = Shader;
			sourceTree = "<group>";
		};
		9C390F372D314FCA0078A2E4 = {
			isa = PBXGroup;
			children = (
				9C390F422D314FCA0078A2E4 /* 100DaysSwiftUI */,
				9C390F412D314FCA0078A2E4 /* Products */,
			);
			sourceTree = "<group>";
		};
		9C390F412D314FCA0078A2E4 /* Products */ = {
			isa = PBXGroup;
			children = (
				9C390F402D314FCA0078A2E4 /* 100DaysSwiftUI.app */,
			);
			name = Products;
			sourceTree = "<group>";
		};
		9C390F422D314FCA0078A2E4 /* 100DaysSwiftUI */ = {
			isa = PBXGroup;
			children = (
				9C08CE502D37DB28005A09DA /* Shader */,
				9C08CE472D355753005A09DA /* Extensions */,
				9C8D94522D321137006BF57B /* Practice */,
				9C390F432D314FCA0078A2E4 /* _00DaysSwiftUIApp.swift */,
				9C390F452D314FCA0078A2E4 /* ContentView.swift */,
				9C390F472D314FCB0078A2E4 /* Assets.xcassets */,
				9C390F492D314FCB0078A2E4 /* Preview Content */,
				9C8D944E2D320AFE006BF57B /* DaysListView.swift */,
				9C8D94502D320B37006BF57B /* DayDetailView.swift */,
			);
			path = 100DaysSwiftUI;
			sourceTree = "<group>";
		};
		9C390F492D314FCB0078A2E4 /* Preview Content */ = {
			isa = PBXGroup;
			children = (
				9C390F4A2D314FCB0078A2E4 /* Preview Assets.xcassets */,
			);
			path = "Preview Content";
			sourceTree = "<group>";
		};
		9C8D94522D321137006BF57B /* Practice */ = {
			isa = PBXGroup;
			children = (
				9C8D94532D321158006BF57B /* Day1View.swift */,
				9CB9B91B2D335370000FD7A0 /* Day2View.swift */,
				9CB9B91D2D353393000FD7A0 /* Day3View.swift */,
				9C08CE4C2D369510005A09DA /* Day4View.swift */,
				9C08CE532D37DBCF005A09DA /* Day5View.swift */,
				9C08CE592D392658005A09DA /* Day6View.swift */,
				9C08CE5F2D3BF279005A09DA /* Day7View.swift */,
			);
			path = Practice;
			sourceTree = "<group>";
		};
/* End PBXGroup section */

/* Begin PBXNativeTarget section */
		9C390F3F2D314FCA0078A2E4 /* 100DaysSwiftUI */ = {
			isa = PBXNativeTarget;
			buildConfigurationList = 9C390F4E2D314FCB0078A2E4 /* Build configuration list for PBXNativeTarget "100DaysSwiftUI" */;
			buildPhases = (
				9C390F3C2D314FCA0078A2E4 /* Sources */,
				9C390F3D2D314FCA0078A2E4 /* Frameworks */,
				9C390F3E2D314FCA0078A2E4 /* Resources */,
			);
			buildRules = (
			);
			dependencies = (
			);
			name = 100DaysSwiftUI;
			productName = 100DaysSwiftUI;
			productReference = 9C390F402D314FCA0078A2E4 /* 100DaysSwiftUI.app */;
			productType = "com.apple.product-type.application";
		};
/* End PBXNativeTarget section */

/* Begin PBXProject section */
		9C390F382D314FCA0078A2E4 /* Project object */ = {
			isa = PBXProject;
			attributes = {
				BuildIndependentTargetsInParallel = 1;
				LastSwiftUpdateCheck = 1540;
				LastUpgradeCheck = 1540;
				TargetAttributes = {
					9C390F3F2D314FCA0078A2E4 = {
						CreatedOnToolsVersion = 15.4;
					};
				};
			};
			buildConfigurationList = 9C390F3B2D314FCA0078A2E4 /* Build configuration list for PBXProject "100DaysSwiftUI" */;
			compatibilityVersion = "Xcode 14.0";
			developmentRegion = en;
			hasScannedForEncodings = 0;
			knownRegions = (
				en,
				Base,
			);
			mainGroup = 9C390F372D314FCA0078A2E4;
			packageReferences = (
			);
			productRefGroup = 9C390F412D314FCA0078A2E4 /* Products */;
			projectDirPath = "";
			projectRoot = "";
			targets = (
				9C390F3F2D314FCA0078A2E4 /* 100DaysSwiftUI */,
			);
		};
/* End PBXProject section */

/* Begin PBXResourcesBuildPhase section */
		9C390F3E2D314FCA0078A2E4 /* Resources */ = {
			isa = PBXResourcesBuildPhase;
			buildActionMask = 2147483647;
			files = (
				9C390F4B2D314FCB0078A2E4 /* Preview Assets.xcassets in Resources */,
				9C390F482D314FCB0078A2E4 /* Assets.xcassets in Resources */,
			);
			runOnlyForDeploymentPostprocessing = 0;
		};
/* End PBXResourcesBuildPhase section */

/* Begin PBXSourcesBuildPhase section */
		9C390F3C2D314FCA0078A2E4 /* Sources */ = {
			isa = PBXSourcesBuildPhase;
			buildActionMask = 2147483647;
			files = (
				9C08CE562D37DD4D005A09DA /* MetalView.swift in Sources */,
				9C8D944F2D320AFE006BF57B /* DaysListView.swift in Sources */,
				9C8D94542D321158006BF57B /* Day1View.swift in Sources */,
				9C08CE5E2D392DBE005A09DA /* Color.metal in Sources */,
				9C390F462D314FCA0078A2E4 /* ContentView.swift in Sources */,
				9C8D94512D320B37006BF57B /* DayDetailView.swift in Sources */,
				9C08CE4D2D369510005A09DA /* Day4View.swift in Sources */,
				9CB9B91E2D353393000FD7A0 /* Day3View.swift in Sources */,
				9C08CE602D3BF279005A09DA /* Day7View.swift in Sources */,
				9C08CE542D37DBCF005A09DA /* Day5View.swift in Sources */,
				9C08CE5A2D392658005A09DA /* Day6View.swift in Sources */,
				9C08CE522D37DB61005A09DA /* GradientShader.metal in Sources */,
				9CB9B91C2D335370000FD7A0 /* Day2View.swift in Sources */,
				9C390F442D314FCA0078A2E4 /* _00DaysSwiftUIApp.swift in Sources */,
				9C08CE4B2D355792005A09DA /* ColorExtensions.swift in Sources */,
			);
			runOnlyForDeploymentPostprocessing = 0;
		};
/* End PBXSourcesBuildPhase section */

/* Begin XCBuildConfiguration section */
		9C390F4C2D314FCB0078A2E4 /* Debug */ = {
			isa = XCBuildConfiguration;
			buildSettings = {
				ALWAYS_SEARCH_USER_PATHS = NO;
				ASSETCATALOG_COMPILER_GENERATE_SWIFT_ASSET_SYMBOL_EXTENSIONS = YES;
				CLANG_ANALYZER_NONNULL = YES;
				CLANG_ANALYZER_NUMBER_OBJECT_CONVERSION = YES_AGGRESSIVE;
				CLANG_CXX_LANGUAGE_STANDARD = "gnu++20";
				CLANG_ENABLE_MODULES = YES;
				CLANG_ENABLE_OBJC_ARC = YES;
				CLANG_ENABLE_OBJC_WEAK = YES;
				CLANG_WARN_BLOCK_CAPTURE_AUTORELEASING = YES;
				CLANG_WARN_BOOL_CONVERSION = YES;
				CLANG_WARN_COMMA = YES;
				CLANG_WARN_CONSTANT_CONVERSION = YES;
				CLANG_WARN_DEPRECATED_OBJC_IMPLEMENTATIONS = YES;
				CLANG_WARN_DIRECT_OBJC_ISA_USAGE = YES_ERROR;
				CLANG_WARN_DOCUMENTATION_COMMENTS = YES;
				CLANG_WARN_EMPTY_BODY = YES;
				CLANG_WARN_ENUM_CONVERSION = YES;
				CLANG_WARN_INFINITE_RECURSION = YES;
				CLANG_WARN_INT_CONVERSION = YES;
				CLANG_WARN_NON_LITERAL_NULL_CONVERSION = YES;
				CLANG_WARN_OBJC_IMPLICIT_RETAIN_SELF = YES;
				CLANG_WARN_OBJC_LITERAL_CONVERSION = YES;
				CLANG_WARN_OBJC_ROOT_CLASS = YES_ERROR;
				CLANG_WARN_QUOTED_INCLUDE_IN_FRAMEWORK_HEADER = YES;
				CLANG_WARN_RANGE_LOOP_ANALYSIS = YES;
				CLANG_WARN_STRICT_PROTOTYPES = YES;
				CLANG_WARN_SUSPICIOUS_MOVE = YES;
				CLANG_WARN_UNGUARDED_AVAILABILITY = YES_AGGRESSIVE;
				CLANG_WARN_UNREACHABLE_CODE = YES;
				CLANG_WARN__DUPLICATE_METHOD_MATCH = YES;
				COPY_PHASE_STRIP = NO;
				DEBUG_INFORMATION_FORMAT = dwarf;
				ENABLE_STRICT_OBJC_MSGSEND = YES;
				ENABLE_TESTABILITY = YES;
				ENABLE_USER_SCRIPT_SANDBOXING = YES;
				GCC_C_LANGUAGE_STANDARD = gnu17;
				GCC_DYNAMIC_NO_PIC = NO;
				GCC_NO_COMMON_BLOCKS = YES;
				GCC_OPTIMIZATION_LEVEL = 0;
				GCC_PREPROCESSOR_DEFINITIONS = (
					"DEBUG=1",
					"$(inherited)",
				);
				GCC_WARN_64_TO_32_BIT_CONVERSION = YES;
				GCC_WARN_ABOUT_RETURN_TYPE = YES_ERROR;
				GCC_WARN_UNDECLARED_SELECTOR = YES;
				GCC_WARN_UNINITIALIZED_AUTOS = YES_AGGRESSIVE;
				GCC_WARN_UNUSED_FUNCTION = YES;
				GCC_WARN_UNUSED_VARIABLE = YES;
				IPHONEOS_DEPLOYMENT_TARGET = 18.2;
				LOCALIZATION_PREFERS_STRING_CATALOGS = YES;
				MTL_ENABLE_DEBUG_INFO = INCLUDE_SOURCE;
				MTL_FAST_MATH = YES;
				ONLY_ACTIVE_ARCH = YES;
				SDKROOT = iphoneos;
				SWIFT_ACTIVE_COMPILATION_CONDITIONS = "DEBUG $(inherited)";
				SWIFT_OPTIMIZATION_LEVEL = "-Onone";
			};
			name = Debug;
		};
		9C390F4D2D314FCB0078A2E4 /* Release */ = {
			isa = XCBuildConfiguration;
			buildSettings = {
				ALWAYS_SEARCH_USER_PATHS = NO;
				ASSETCATALOG_COMPILER_GENERATE_SWIFT_ASSET_SYMBOL_EXTENSIONS = YES;
				CLANG_ANALYZER_NONNULL = YES;
				CLANG_ANALYZER_NUMBER_OBJECT_CONVERSION = YES_AGGRESSIVE;
				CLANG_CXX_LANGUAGE_STANDARD = "gnu++20";
				CLANG_ENABLE_MODULES = YES;
				CLANG_ENABLE_OBJC_ARC = YES;
				CLANG_ENABLE_OBJC_WEAK = YES;
				CLANG_WARN_BLOCK_CAPTURE_AUTORELEASING = YES;
				CLANG_WARN_BOOL_CONVERSION = YES;
				CLANG_WARN_COMMA = YES;
				CLANG_WARN_CONSTANT_CONVERSION = YES;
				CLANG_WARN_DEPRECATED_OBJC_IMPLEMENTATIONS = YES;
				CLANG_WARN_DIRECT_OBJC_ISA_USAGE = YES_ERROR;
				CLANG_WARN_DOCUMENTATION_COMMENTS = YES;
				CLANG_WARN_EMPTY_BODY = YES;
				CLANG_WARN_ENUM_CONVERSION = YES;
				CLANG_WARN_INFINITE_RECURSION = YES;
				CLANG_WARN_INT_CONVERSION = YES;
				CLANG_WARN_NON_LITERAL_NULL_CONVERSION = YES;
				CLANG_WARN_OBJC_IMPLICIT_RETAIN_SELF = YES;
				CLANG_WARN_OBJC_LITERAL_CONVERSION = YES;
				CLANG_WARN_OBJC_ROOT_CLASS = YES_ERROR;
				CLANG_WARN_QUOTED_INCLUDE_IN_FRAMEWORK_HEADER = YES;
				CLANG_WARN_RANGE_LOOP_ANALYSIS = YES;
				CLANG_WARN_STRICT_PROTOTYPES = YES;
				CLANG_WARN_SUSPICIOUS_MOVE = YES;
				CLANG_WARN_UNGUARDED_AVAILABILITY = YES_AGGRESSIVE;
				CLANG_WARN_UNREACHABLE_CODE = YES;
				CLANG_WARN__DUPLICATE_METHOD_MATCH = YES;
				COPY_PHASE_STRIP = NO;
				DEBUG_INFORMATION_FORMAT = "dwarf-with-dsym";
				ENABLE_NS_ASSERTIONS = NO;
				ENABLE_STRICT_OBJC_MSGSEND = YES;
				ENABLE_USER_SCRIPT_SANDBOXING = YES;
				GCC_C_LANGUAGE_STANDARD = gnu17;
				GCC_NO_COMMON_BLOCKS = YES;
				GCC_WARN_64_TO_32_BIT_CONVERSION = YES;
				GCC_WARN_ABOUT_RETURN_TYPE = YES_ERROR;
				GCC_WARN_UNDECLARED_SELECTOR = YES;
				GCC_WARN_UNINITIALIZED_AUTOS = YES_AGGRESSIVE;
				GCC_WARN_UNUSED_FUNCTION = YES;
				GCC_WARN_UNUSED_VARIABLE = YES;
				IPHONEOS_DEPLOYMENT_TARGET = 18.2;
				LOCALIZATION_PREFERS_STRING_CATALOGS = YES;
				MTL_ENABLE_DEBUG_INFO = NO;
				MTL_FAST_MATH = YES;
				SDKROOT = iphoneos;
				SWIFT_COMPILATION_MODE = wholemodule;
				VALIDATE_PRODUCT = YES;
			};
			name = Release;
		};
		9C390F4F2D314FCB0078A2E4 /* Debug */ = {
			isa = XCBuildConfiguration;
			buildSettings = {
				ASSETCATALOG_COMPILER_APPICON_NAME = AppIcon;
				ASSETCATALOG_COMPILER_GLOBAL_ACCENT_COLOR_NAME = AccentColor;
				CODE_SIGN_STYLE = Automatic;
				CURRENT_PROJECT_VERSION = 1;
				DEVELOPMENT_ASSET_PATHS = "\"100DaysSwiftUI/Preview Content\"";
				DEVELOPMENT_TEAM = DRV33GLHHU;
				ENABLE_PREVIEWS = YES;
				GENERATE_INFOPLIST_FILE = YES;
				INFOPLIST_KEY_UIApplicationSceneManifest_Generation = YES;
				INFOPLIST_KEY_UIApplicationSupportsIndirectInputEvents = YES;
				INFOPLIST_KEY_UILaunchScreen_Generation = YES;
				INFOPLIST_KEY_UISupportedInterfaceOrientations_iPad = "UIInterfaceOrientationPortrait UIInterfaceOrientationPortraitUpsideDown UIInterfaceOrientationLandscapeLeft UIInterfaceOrientationLandscapeRight";
				INFOPLIST_KEY_UISupportedInterfaceOrientations_iPhone = "UIInterfaceOrientationPortrait UIInterfaceOrientationLandscapeLeft UIInterfaceOrientationLandscapeRight";
				LD_RUNPATH_SEARCH_PATHS = (
					"$(inherited)",
					"@executable_path/Frameworks",
				);
				MARKETING_VERSION = 1.0;
				PRODUCT_BUNDLE_IDENTIFIER = "kiwi.-00DaysSwiftUI";
				PRODUCT_NAME = "$(TARGET_NAME)";
				SWIFT_EMIT_LOC_STRINGS = YES;
				SWIFT_VERSION = 5.0;
				TARGETED_DEVICE_FAMILY = "1,2";
			};
			name = Debug;
		};
		9C390F502D314FCB0078A2E4 /* Release */ = {
			isa = XCBuildConfiguration;
			buildSettings = {
				ASSETCATALOG_COMPILER_APPICON_NAME = AppIcon;
				ASSETCATALOG_COMPILER_GLOBAL_ACCENT_COLOR_NAME = AccentColor;
				CODE_SIGN_STYLE = Automatic;
				CURRENT_PROJECT_VERSION = 1;
				DEVELOPMENT_ASSET_PATHS = "\"100DaysSwiftUI/Preview Content\"";
				DEVELOPMENT_TEAM = DRV33GLHHU;
				ENABLE_PREVIEWS = YES;
				GENERATE_INFOPLIST_FILE = YES;
				INFOPLIST_KEY_UIApplicationSceneManifest_Generation = YES;
				INFOPLIST_KEY_UIApplicationSupportsIndirectInputEvents = YES;
				INFOPLIST_KEY_UILaunchScreen_Generation = YES;
				INFOPLIST_KEY_UISupportedInterfaceOrientations_iPad = "UIInterfaceOrientationPortrait UIInterfaceOrientationPortraitUpsideDown UIInterfaceOrientationLandscapeLeft UIInterfaceOrientationLandscapeRight";
				INFOPLIST_KEY_UISupportedInterfaceOrientations_iPhone = "UIInterfaceOrientationPortrait UIInterfaceOrientationLandscapeLeft UIInterfaceOrientationLandscapeRight";
				LD_RUNPATH_SEARCH_PATHS = (
					"$(inherited)",
					"@executable_path/Frameworks",
				);
				MARKETING_VERSION = 1.0;
				PRODUCT_BUNDLE_IDENTIFIER = "kiwi.-00DaysSwiftUI";
				PRODUCT_NAME = "$(TARGET_NAME)";
				SWIFT_EMIT_LOC_STRINGS = YES;
				SWIFT_VERSION = 5.0;
				TARGETED_DEVICE_FAMILY = "1,2";
			};
			name = Release;
		};
/* End XCBuildConfiguration section */

/* Begin XCConfigurationList section */
		9C390F3B2D314FCA0078A2E4 /* Build configuration list for PBXProject "100DaysSwiftUI" */ = {
			isa = XCConfigurationList;
			buildConfigurations = (
				9C390F4C2D314FCB0078A2E4 /* Debug */,
				9C390F4D2D314FCB0078A2E4 /* Release */,
			);
			defaultConfigurationIsVisible = 0;
			defaultConfigurationName = Release;
		};
		9C390F4E2D314FCB0078A2E4 /* Build configuration list for PBXNativeTarget "100DaysSwiftUI" */ = {
			isa = XCConfigurationList;
			buildConfigurations = (
				9C390F4F2D314FCB0078A2E4 /* Debug */,
				9C390F502D314FCB0078A2E4 /* Release */,
			);
			defaultConfigurationIsVisible = 0;
			defaultConfigurationName = Release;
		};
/* End XCConfigurationList section */
	};
	rootObject = 9C390F382D314FCA0078A2E4 /* Project object */;
}
